# THIS IS AN AUTOGENERATED FILE. DO NOT EDIT THIS FILE DIRECTLY.
# yarn lockfile v1


svelte@^3.13.0:
  version "3.13.0"
  resolved "https://registry.yarnpkg.com/svelte/-/svelte-3.13.0.tgz#a26ee9620b84613049406c4cacb1accf0bf962d1"
  integrity sha512-BqIH6Q6li72goMRccIGlUqASVTBHf24YJ3mTXz0pDs6vP07o2Lv9bDGZgEPhO+zjO72dWJP5x3dLbGQt71P56g==
